// !$*UTF8*$!
{
	archiveVersion = 1;
	classes = {
	};
	objectVersion = 50;
	objects = {

/* Begin PBXBuildFile section */
		830B208026494B5F00803EF2 /* AppDelegate.swift in Sources */ = {isa = PBXBuildFile; fileRef = 830B207F26494B5F00803EF2 /* AppDelegate.swift */; };
		830B208226494B5F00803EF2 /* SceneDelegate.swift in Sources */ = {isa = PBXBuildFile; fileRef = 830B208126494B5F00803EF2 /* SceneDelegate.swift */; };
		830B208726494B5F00803EF2 /* Main.storyboard in Resources */ = {isa = PBXBuildFile; fileRef = 830B208526494B5F00803EF2 /* Main.storyboard */; };
		830B208926494B6100803EF2 /* Assets.xcassets in Resources */ = {isa = PBXBuildFile; fileRef = 830B208826494B6100803EF2 /* Assets.xcassets */; };
		830B208C26494B6100803EF2 /* LaunchScreen.storyboard in Resources */ = {isa = PBXBuildFile; fileRef = 830B208A26494B6100803EF2 /* LaunchScreen.storyboard */; };
		830B209626494E9F00803EF2 /* JsonDataModels.swift in Sources */ = {isa = PBXBuildFile; fileRef = 830B209526494E9F00803EF2 /* JsonDataModels.swift */; };
		830B209826494ED200803EF2 /* RequestManager.swift in Sources */ = {isa = PBXBuildFile; fileRef = 830B209726494ED200803EF2 /* RequestManager.swift */; };
		830B209B26494F0C00803EF2 /* NetworkManager.swift in Sources */ = {isa = PBXBuildFile; fileRef = 830B209A26494F0C00803EF2 /* NetworkManager.swift */; };
		834BBA00265A435900D5F162 /* ADDataModel.swift in Sources */ = {isa = PBXBuildFile; fileRef = 834BB9FF265A435900D5F162 /* ADDataModel.swift */; };
		834BBA02265A437000D5F162 /* CategoriesDataModel.swift in Sources */ = {isa = PBXBuildFile; fileRef = 834BBA01265A437000D5F162 /* CategoriesDataModel.swift */; };
		834BBA04265A438100D5F162 /* GeneralDataModel.swift in Sources */ = {isa = PBXBuildFile; fileRef = 834BBA03265A438100D5F162 /* GeneralDataModel.swift */; };
		834BBA06265A439600D5F162 /* IdentityDataModel.swift in Sources */ = {isa = PBXBuildFile; fileRef = 834BBA05265A439600D5F162 /* IdentityDataModel.swift */; };
		834BBA08265A43A600D5F162 /* LocationDataModel.swift in Sources */ = {isa = PBXBuildFile; fileRef = 834BBA07265A43A600D5F162 /* LocationDataModel.swift */; };
		834BBA0A265A43B700D5F162 /* UserDataModel.swift in Sources */ = {isa = PBXBuildFile; fileRef = 834BBA09265A43B700D5F162 /* UserDataModel.swift */; };
		834BBA0C265A43CA00D5F162 /* VehicleDataModel.swift in Sources */ = {isa = PBXBuildFile; fileRef = 834BBA0B265A43CA00D5F162 /* VehicleDataModel.swift */; };
		834BBA0E265A48A200D5F162 /* AdRequestManager.swift in Sources */ = {isa = PBXBuildFile; fileRef = 834BBA0D265A48A200D5F162 /* AdRequestManager.swift */; };
		834BBA10265A48B300D5F162 /* CategoriesRequestManager.swift in Sources */ = {isa = PBXBuildFile; fileRef = 834BBA0F265A48B300D5F162 /* CategoriesRequestManager.swift */; };
		834BBA12265A48C300D5F162 /* GeneralRequestManager.swift in Sources */ = {isa = PBXBuildFile; fileRef = 834BBA11265A48C300D5F162 /* GeneralRequestManager.swift */; };
		834BBA14265A48E500D5F162 /* IdentityRequestManager.swift in Sources */ = {isa = PBXBuildFile; fileRef = 834BBA13265A48E500D5F162 /* IdentityRequestManager.swift */; };
		834BBA16265A48FE00D5F162 /* LocationRequestManager.swift in Sources */ = {isa = PBXBuildFile; fileRef = 834BBA15265A48FE00D5F162 /* LocationRequestManager.swift */; };
		834BBA18265A490D00D5F162 /* UserRequestManager.swift in Sources */ = {isa = PBXBuildFile; fileRef = 834BBA17265A490D00D5F162 /* UserRequestManager.swift */; };
		834BBA1A265A492300D5F162 /* VehicleRequestManager.swift in Sources */ = {isa = PBXBuildFile; fileRef = 834BBA19265A492300D5F162 /* VehicleRequestManager.swift */; };
		834BBA1C265C2EF200D5F162 /* AdGetRequestManager.swift in Sources */ = {isa = PBXBuildFile; fileRef = 834BBA1B265C2EF200D5F162 /* AdGetRequestManager.swift */; };
		8376801A264FE102005C7056 /* CategoriesTableViewCell.swift in Sources */ = {isa = PBXBuildFile; fileRef = 83768019264FE102005C7056 /* CategoriesTableViewCell.swift */; };
		8376801C264FE26E005C7056 /* CategoriesTableVC.swift in Sources */ = {isa = PBXBuildFile; fileRef = 8376801B264FE26E005C7056 /* CategoriesTableVC.swift */; };
		8376801E26505DCC005C7056 /* MessagesVC.swift in Sources */ = {isa = PBXBuildFile; fileRef = 8376801D26505DCC005C7056 /* MessagesVC.swift */; };
		8376802026516310005C7056 /* SubCategoriesTableVC.swift in Sources */ = {isa = PBXBuildFile; fileRef = 8376801F26516310005C7056 /* SubCategoriesTableVC.swift */; };
		8376802226516329005C7056 /* SubCategoriesTableViewCell.swift in Sources */ = {isa = PBXBuildFile; fileRef = 8376802126516329005C7056 /* SubCategoriesTableViewCell.swift */; };
		837680262651AE9E005C7056 /* ProductsTableVC.swift in Sources */ = {isa = PBXBuildFile; fileRef = 837680252651AE9E005C7056 /* ProductsTableVC.swift */; };
		837680282651AEB5005C7056 /* ProductsTableViewCell.swift in Sources */ = {isa = PBXBuildFile; fileRef = 837680272651AEB5005C7056 /* ProductsTableViewCell.swift */; };
		8376802A26525AA3005C7056 /* RoundedShadowView.swift in Sources */ = {isa = PBXBuildFile; fileRef = 8376802926525AA3005C7056 /* RoundedShadowView.swift */; };
		8376802C26525B35005C7056 /* ProductVC.swift in Sources */ = {isa = PBXBuildFile; fileRef = 8376802B26525B35005C7056 /* ProductVC.swift */; };
		8376802F26526651005C7056 /* ConfirmEmailVC.swift in Sources */ = {isa = PBXBuildFile; fileRef = 8376802E26526651005C7056 /* ConfirmEmailVC.swift */; };
		8376803226526682005C7056 /* LoginVC.swift in Sources */ = {isa = PBXBuildFile; fileRef = 8376803026526682005C7056 /* LoginVC.swift */; };
		8376803326526682005C7056 /* RegisterVC.swift in Sources */ = {isa = PBXBuildFile; fileRef = 8376803126526682005C7056 /* RegisterVC.swift */; };
		8376803626526A36005C7056 /* TabBarController.swift in Sources */ = {isa = PBXBuildFile; fileRef = 8376803526526A36005C7056 /* TabBarController.swift */; };
		838AFA8426496EC70095F4B0 /* CustomExtensions.swift in Sources */ = {isa = PBXBuildFile; fileRef = 838AFA8326496EC70095F4B0 /* CustomExtensions.swift */; };
		838AFA8E26496FE70095F4B0 /* HomeVC.swift in Sources */ = {isa = PBXBuildFile; fileRef = 838AFA8D26496FE70095F4B0 /* HomeVC.swift */; };
		838AFA90264A70800095F4B0 /* UserPageVC.swift in Sources */ = {isa = PBXBuildFile; fileRef = 838AFA8F264A70800095F4B0 /* UserPageVC.swift */; };
/* End PBXBuildFile section */

/* Begin PBXFileReference section */
		830B207C26494B5F00803EF2 /* Shopping_Mall.app */ = {isa = PBXFileReference; explicitFileType = wrapper.application; includeInIndex = 0; path = Shopping_Mall.app; sourceTree = BUILT_PRODUCTS_DIR; };
		830B207F26494B5F00803EF2 /* AppDelegate.swift */ = {isa = PBXFileReference; lastKnownFileType = sourcecode.swift; path = AppDelegate.swift; sourceTree = "<group>"; };
		830B208126494B5F00803EF2 /* SceneDelegate.swift */ = {isa = PBXFileReference; lastKnownFileType = sourcecode.swift; path = SceneDelegate.swift; sourceTree = "<group>"; };
		830B208626494B5F00803EF2 /* Base */ = {isa = PBXFileReference; lastKnownFileType = file.storyboard; name = Base; path = Base.lproj/Main.storyboard; sourceTree = "<group>"; };
		830B208826494B6100803EF2 /* Assets.xcassets */ = {isa = PBXFileReference; lastKnownFileType = folder.assetcatalog; path = Assets.xcassets; sourceTree = "<group>"; };
		830B208B26494B6100803EF2 /* Base */ = {isa = PBXFileReference; lastKnownFileType = file.storyboard; name = Base; path = Base.lproj/LaunchScreen.storyboard; sourceTree = "<group>"; };
		830B208D26494B6100803EF2 /* Info.plist */ = {isa = PBXFileReference; lastKnownFileType = text.plist.xml; path = Info.plist; sourceTree = "<group>"; };
		830B209526494E9F00803EF2 /* JsonDataModels.swift */ = {isa = PBXFileReference; lastKnownFileType = sourcecode.swift; path = JsonDataModels.swift; sourceTree = "<group>"; };
		830B209726494ED200803EF2 /* RequestManager.swift */ = {isa = PBXFileReference; lastKnownFileType = sourcecode.swift; path = RequestManager.swift; sourceTree = "<group>"; };
		830B209A26494F0C00803EF2 /* NetworkManager.swift */ = {isa = PBXFileReference; lastKnownFileType = sourcecode.swift; path = NetworkManager.swift; sourceTree = "<group>"; };
		834BB9FF265A435900D5F162 /* ADDataModel.swift */ = {isa = PBXFileReference; lastKnownFileType = sourcecode.swift; path = ADDataModel.swift; sourceTree = "<group>"; };
		834BBA01265A437000D5F162 /* CategoriesDataModel.swift */ = {isa = PBXFileReference; lastKnownFileType = sourcecode.swift; path = CategoriesDataModel.swift; sourceTree = "<group>"; };
		834BBA03265A438100D5F162 /* GeneralDataModel.swift */ = {isa = PBXFileReference; lastKnownFileType = sourcecode.swift; path = GeneralDataModel.swift; sourceTree = "<group>"; };
		834BBA05265A439600D5F162 /* IdentityDataModel.swift */ = {isa = PBXFileReference; lastKnownFileType = sourcecode.swift; path = IdentityDataModel.swift; sourceTree = "<group>"; };
		834BBA07265A43A600D5F162 /* LocationDataModel.swift */ = {isa = PBXFileReference; lastKnownFileType = sourcecode.swift; path = LocationDataModel.swift; sourceTree = "<group>"; };
		834BBA09265A43B700D5F162 /* UserDataModel.swift */ = {isa = PBXFileReference; lastKnownFileType = sourcecode.swift; path = UserDataModel.swift; sourceTree = "<group>"; };
		834BBA0B265A43CA00D5F162 /* VehicleDataModel.swift */ = {isa = PBXFileReference; lastKnownFileType = sourcecode.swift; path = VehicleDataModel.swift; sourceTree = "<group>"; };
		834BBA0D265A48A200D5F162 /* AdRequestManager.swift */ = {isa = PBXFileReference; lastKnownFileType = sourcecode.swift; path = AdRequestManager.swift; sourceTree = "<group>"; };
		834BBA0F265A48B300D5F162 /* CategoriesRequestManager.swift */ = {isa = PBXFileReference; lastKnownFileType = sourcecode.swift; path = CategoriesRequestManager.swift; sourceTree = "<group>"; };
		834BBA11265A48C300D5F162 /* GeneralRequestManager.swift */ = {isa = PBXFileReference; lastKnownFileType = sourcecode.swift; path = GeneralRequestManager.swift; sourceTree = "<group>"; };
		834BBA13265A48E500D5F162 /* IdentityRequestManager.swift */ = {isa = PBXFileReference; lastKnownFileType = sourcecode.swift; path = IdentityRequestManager.swift; sourceTree = "<group>"; };
		834BBA15265A48FE00D5F162 /* LocationRequestManager.swift */ = {isa = PBXFileReference; lastKnownFileType = sourcecode.swift; path = LocationRequestManager.swift; sourceTree = "<group>"; };
		834BBA17265A490D00D5F162 /* UserRequestManager.swift */ = {isa = PBXFileReference; lastKnownFileType = sourcecode.swift; path = UserRequestManager.swift; sourceTree = "<group>"; };
		834BBA19265A492300D5F162 /* VehicleRequestManager.swift */ = {isa = PBXFileReference; lastKnownFileType = sourcecode.swift; path = VehicleRequestManager.swift; sourceTree = "<group>"; };
		834BBA1B265C2EF200D5F162 /* AdGetRequestManager.swift */ = {isa = PBXFileReference; lastKnownFileType = sourcecode.swift; path = AdGetRequestManager.swift; sourceTree = "<group>"; };
		83768019264FE102005C7056 /* CategoriesTableViewCell.swift */ = {isa = PBXFileReference; lastKnownFileType = sourcecode.swift; path = CategoriesTableViewCell.swift; sourceTree = "<group>"; };
		8376801B264FE26E005C7056 /* CategoriesTableVC.swift */ = {isa = PBXFileReference; lastKnownFileType = sourcecode.swift; path = CategoriesTableVC.swift; sourceTree = "<group>"; };
		8376801D26505DCC005C7056 /* MessagesVC.swift */ = {isa = PBXFileReference; lastKnownFileType = sourcecode.swift; path = MessagesVC.swift; sourceTree = "<group>"; };
		8376801F26516310005C7056 /* SubCategoriesTableVC.swift */ = {isa = PBXFileReference; lastKnownFileType = sourcecode.swift; path = SubCategoriesTableVC.swift; sourceTree = "<group>"; };
		8376802126516329005C7056 /* SubCategoriesTableViewCell.swift */ = {isa = PBXFileReference; lastKnownFileType = sourcecode.swift; path = SubCategoriesTableViewCell.swift; sourceTree = "<group>"; };
		837680252651AE9E005C7056 /* ProductsTableVC.swift */ = {isa = PBXFileReference; lastKnownFileType = sourcecode.swift; path = ProductsTableVC.swift; sourceTree = "<group>"; };
		837680272651AEB5005C7056 /* ProductsTableViewCell.swift */ = {isa = PBXFileReference; lastKnownFileType = sourcecode.swift; path = ProductsTableViewCell.swift; sourceTree = "<group>"; };
		8376802926525AA3005C7056 /* RoundedShadowView.swift */ = {isa = PBXFileReference; lastKnownFileType = sourcecode.swift; path = RoundedShadowView.swift; sourceTree = "<group>"; };
		8376802B26525B35005C7056 /* ProductVC.swift */ = {isa = PBXFileReference; lastKnownFileType = sourcecode.swift; path = ProductVC.swift; sourceTree = "<group>"; };
		8376802E26526651005C7056 /* ConfirmEmailVC.swift */ = {isa = PBXFileReference; lastKnownFileType = sourcecode.swift; path = ConfirmEmailVC.swift; sourceTree = "<group>"; };
		8376803026526682005C7056 /* LoginVC.swift */ = {isa = PBXFileReference; fileEncoding = 4; lastKnownFileType = sourcecode.swift; path = LoginVC.swift; sourceTree = "<group>"; };
		8376803126526682005C7056 /* RegisterVC.swift */ = {isa = PBXFileReference; fileEncoding = 4; lastKnownFileType = sourcecode.swift; path = RegisterVC.swift; sourceTree = "<group>"; };
		8376803526526A36005C7056 /* TabBarController.swift */ = {isa = PBXFileReference; lastKnownFileType = sourcecode.swift; path = TabBarController.swift; sourceTree = "<group>"; };
		838AFA8326496EC70095F4B0 /* CustomExtensions.swift */ = {isa = PBXFileReference; lastKnownFileType = sourcecode.swift; path = CustomExtensions.swift; sourceTree = "<group>"; };
		838AFA8D26496FE70095F4B0 /* HomeVC.swift */ = {isa = PBXFileReference; lastKnownFileType = sourcecode.swift; path = HomeVC.swift; sourceTree = "<group>"; };
		838AFA8F264A70800095F4B0 /* UserPageVC.swift */ = {isa = PBXFileReference; lastKnownFileType = sourcecode.swift; path = UserPageVC.swift; sourceTree = "<group>"; };
/* End PBXFileReference section */

/* Begin PBXFrameworksBuildPhase section */
		830B207926494B5F00803EF2 /* Frameworks */ = {
			isa = PBXFrameworksBuildPhase;
			buildActionMask = 2147483647;
			files = (
			);
			runOnlyForDeploymentPostprocessing = 0;
		};
/* End PBXFrameworksBuildPhase section */

/* Begin PBXGroup section */
		830B207326494B5F00803EF2 = {
			isa = PBXGroup;
			children = (
				830B207E26494B5F00803EF2 /* Shopping_Mall */,
				830B207D26494B5F00803EF2 /* Products */,
			);
			sourceTree = "<group>";
		};
		830B207D26494B5F00803EF2 /* Products */ = {
			isa = PBXGroup;
			children = (
				830B207C26494B5F00803EF2 /* Shopping_Mall.app */,
			);
			name = Products;
			sourceTree = "<group>";
		};
		830B207E26494B5F00803EF2 /* Shopping_Mall */ = {
			isa = PBXGroup;
			children = (
				830B207F26494B5F00803EF2 /* AppDelegate.swift */,
				830B208826494B6100803EF2 /* Assets.xcassets */,
				838AFA8226496E9A0095F4B0 /* Custom */,
				830B208D26494B6100803EF2 /* Info.plist */,
				830B208A26494B6100803EF2 /* LaunchScreen.storyboard */,
				830B208526494B5F00803EF2 /* Main.storyboard */,
				830B209426494E8700803EF2 /* Managers */,
				830B209326494E7800803EF2 /* Models */,
				838AFA8726496F570095F4B0 /* Pages */,
				830B208126494B5F00803EF2 /* SceneDelegate.swift */,
			);
			path = Shopping_Mall;
			sourceTree = "<group>";
		};
		830B209326494E7800803EF2 /* Models */ = {
			isa = PBXGroup;
			children = (
				834BB9FF265A435900D5F162 /* ADDataModel.swift */,
				834BBA01265A437000D5F162 /* CategoriesDataModel.swift */,
				834BBA03265A438100D5F162 /* GeneralDataModel.swift */,
				834BBA05265A439600D5F162 /* IdentityDataModel.swift */,
				830B209526494E9F00803EF2 /* JsonDataModels.swift */,
				834BBA07265A43A600D5F162 /* LocationDataModel.swift */,
				834BBA09265A43B700D5F162 /* UserDataModel.swift */,
				834BBA0B265A43CA00D5F162 /* VehicleDataModel.swift */,
			);
			path = Models;
			sourceTree = "<group>";
		};
		830B209426494E8700803EF2 /* Managers */ = {
			isa = PBXGroup;
			children = (
				834BBA1B265C2EF200D5F162 /* AdGetRequestManager.swift */,
				834BBA0D265A48A200D5F162 /* AdRequestManager.swift */,
				834BBA0F265A48B300D5F162 /* CategoriesRequestManager.swift */,
				834BBA11265A48C300D5F162 /* GeneralRequestManager.swift */,
				834BBA13265A48E500D5F162 /* IdentityRequestManager.swift */,
				834BBA15265A48FE00D5F162 /* LocationRequestManager.swift */,
				830B209A26494F0C00803EF2 /* NetworkManager.swift */,
				830B209726494ED200803EF2 /* RequestManager.swift */,
				834BBA17265A490D00D5F162 /* UserRequestManager.swift */,
				834BBA19265A492300D5F162 /* VehicleRequestManager.swift */,
			);
			path = Managers;
			sourceTree = "<group>";
		};
		837680232651AE31005C7056 /* MainCategories */ = {
			isa = PBXGroup;
			children = (
				8376801B264FE26E005C7056 /* CategoriesTableVC.swift */,
				83768019264FE102005C7056 /* CategoriesTableViewCell.swift */,
			);
			path = MainCategories;
			sourceTree = "<group>";
		};
		837680242651AE44005C7056 /* SubCategories */ = {
			isa = PBXGroup;
			children = (
				8376801F26516310005C7056 /* SubCategoriesTableVC.swift */,
				8376802126516329005C7056 /* SubCategoriesTableViewCell.swift */,
			);
			path = SubCategories;
			sourceTree = "<group>";
		};
		8376802D2652662C005C7056 /* Login and Registration */ = {
			isa = PBXGroup;
			children = (
				8376803026526682005C7056 /* LoginVC.swift */,
				8376803126526682005C7056 /* RegisterVC.swift */,
				8376802E26526651005C7056 /* ConfirmEmailVC.swift */,
			);
			path = "Login and Registration";
			sourceTree = "<group>";
		};
		83768034265269D7005C7056 /* Product */ = {
			isa = PBXGroup;
			children = (
				837680252651AE9E005C7056 /* ProductsTableVC.swift */,
				837680272651AEB5005C7056 /* ProductsTableViewCell.swift */,
				8376802B26525B35005C7056 /* ProductVC.swift */,
			);
			path = Product;
			sourceTree = "<group>";
		};
		838AFA8226496E9A0095F4B0 /* Custom */ = {
			isa = PBXGroup;
			children = (
				838AFA8326496EC70095F4B0 /* CustomExtensions.swift */,
				8376802926525AA3005C7056 /* RoundedShadowView.swift */,
			);
			path = Custom;
			sourceTree = "<group>";
		};
		838AFA8726496F570095F4B0 /* Pages */ = {
			isa = PBXGroup;
			children = (
				8376802D2652662C005C7056 /* Login and Registration */,
				838AFA8826496F610095F4B0 /* Home */,
				838AFA8926496F670095F4B0 /* Categories */,
				838AFA8A26496F720095F4B0 /* Add */,
				838AFA8B26496F7D0095F4B0 /* Messages */,
				838AFA8C26496F850095F4B0 /* More */,
				83768034265269D7005C7056 /* Product */,
				8376803526526A36005C7056 /* TabBarController.swift */,
			);
			path = Pages;
			sourceTree = "<group>";
		};
		838AFA8826496F610095F4B0 /* Home */ = {
			isa = PBXGroup;
			children = (
				838AFA8D26496FE70095F4B0 /* HomeVC.swift */,
				838AFA8F264A70800095F4B0 /* UserPageVC.swift */,
			);
			path = Home;
			sourceTree = "<group>";
		};
		838AFA8926496F670095F4B0 /* Categories */ = {
			isa = PBXGroup;
			children = (
				837680232651AE31005C7056 /* MainCategories */,
				837680242651AE44005C7056 /* SubCategories */,
			);
			path = Categories;
			sourceTree = "<group>";
		};
		838AFA8A26496F720095F4B0 /* Add */ = {
			isa = PBXGroup;
			children = (
			);
			path = Add;
			sourceTree = "<group>";
		};
		838AFA8B26496F7D0095F4B0 /* Messages */ = {
			isa = PBXGroup;
			children = (
				8376801D26505DCC005C7056 /* MessagesVC.swift */,
			);
			path = Messages;
			sourceTree = "<group>";
		};
		838AFA8C26496F850095F4B0 /* More */ = {
			isa = PBXGroup;
			children = (
			);
			path = More;
			sourceTree = "<group>";
		};
/* End PBXGroup section */

/* Begin PBXNativeTarget section */
		830B207B26494B5F00803EF2 /* Shopping_Mall */ = {
			isa = PBXNativeTarget;
			buildConfigurationList = 830B209026494B6100803EF2 /* Build configuration list for PBXNativeTarget "Shopping_Mall" */;
			buildPhases = (
				830B207826494B5F00803EF2 /* Sources */,
				830B207926494B5F00803EF2 /* Frameworks */,
				830B207A26494B5F00803EF2 /* Resources */,
			);
			buildRules = (
			);
			dependencies = (
			);
			name = Shopping_Mall;
			productName = Shopping_Mall;
			productReference = 830B207C26494B5F00803EF2 /* Shopping_Mall.app */;
			productType = "com.apple.product-type.application";
		};
/* End PBXNativeTarget section */

/* Begin PBXProject section */
		830B207426494B5F00803EF2 /* Project object */ = {
			isa = PBXProject;
			attributes = {
				LastSwiftUpdateCheck = 1250;
				LastUpgradeCheck = 1250;
				TargetAttributes = {
					830B207B26494B5F00803EF2 = {
						CreatedOnToolsVersion = 12.5;
					};
				};
			};
			buildConfigurationList = 830B207726494B5F00803EF2 /* Build configuration list for PBXProject "Shopping_Mall" */;
			compatibilityVersion = "Xcode 9.3";
			developmentRegion = en;
			hasScannedForEncodings = 0;
			knownRegions = (
				en,
				Base,
			);
			mainGroup = 830B207326494B5F00803EF2;
			productRefGroup = 830B207D26494B5F00803EF2 /* Products */;
			projectDirPath = "";
			projectRoot = "";
			targets = (
				830B207B26494B5F00803EF2 /* Shopping_Mall */,
			);
		};
/* End PBXProject section */

/* Begin PBXResourcesBuildPhase section */
		830B207A26494B5F00803EF2 /* Resources */ = {
			isa = PBXResourcesBuildPhase;
			buildActionMask = 2147483647;
			files = (
				830B208C26494B6100803EF2 /* LaunchScreen.storyboard in Resources */,
				830B208926494B6100803EF2 /* Assets.xcassets in Resources */,
				830B208726494B5F00803EF2 /* Main.storyboard in Resources */,
			);
			runOnlyForDeploymentPostprocessing = 0;
		};
/* End PBXResourcesBuildPhase section */

/* Begin PBXSourcesBuildPhase section */
		830B207826494B5F00803EF2 /* Sources */ = {
			isa = PBXSourcesBuildPhase;
			buildActionMask = 2147483647;
			files = (
				838AFA90264A70800095F4B0 /* UserPageVC.swift in Sources */,
				834BBA02265A437000D5F162 /* CategoriesDataModel.swift in Sources */,
				834BBA12265A48C300D5F162 /* GeneralRequestManager.swift in Sources */,
				8376801E26505DCC005C7056 /* MessagesVC.swift in Sources */,
				834BBA10265A48B300D5F162 /* CategoriesRequestManager.swift in Sources */,
				834BBA14265A48E500D5F162 /* IdentityRequestManager.swift in Sources */,
				8376802026516310005C7056 /* SubCategoriesTableVC.swift in Sources */,
				8376803226526682005C7056 /* LoginVC.swift in Sources */,
				830B209B26494F0C00803EF2 /* NetworkManager.swift in Sources */,
				834BBA1A265A492300D5F162 /* VehicleRequestManager.swift in Sources */,
				8376802A26525AA3005C7056 /* RoundedShadowView.swift in Sources */,
				838AFA8E26496FE70095F4B0 /* HomeVC.swift in Sources */,
				834BBA0C265A43CA00D5F162 /* VehicleDataModel.swift in Sources */,
				834BBA08265A43A600D5F162 /* LocationDataModel.swift in Sources */,
				830B209826494ED200803EF2 /* RequestManager.swift in Sources */,
				837680282651AEB5005C7056 /* ProductsTableViewCell.swift in Sources */,
				8376803326526682005C7056 /* RegisterVC.swift in Sources */,
				8376802F26526651005C7056 /* ConfirmEmailVC.swift in Sources */,
				830B208026494B5F00803EF2 /* AppDelegate.swift in Sources */,
				834BBA18265A490D00D5F162 /* UserRequestManager.swift in Sources */,
				8376801C264FE26E005C7056 /* CategoriesTableVC.swift in Sources */,
				834BBA1C265C2EF200D5F162 /* AdGetRequestManager.swift in Sources */,
				8376802C26525B35005C7056 /* ProductVC.swift in Sources */,
				830B208226494B5F00803EF2 /* SceneDelegate.swift in Sources */,
				834BBA16265A48FE00D5F162 /* LocationRequestManager.swift in Sources */,
				830B209626494E9F00803EF2 /* JsonDataModels.swift in Sources */,
				838AFA8426496EC70095F4B0 /* CustomExtensions.swift in Sources */,
				834BBA04265A438100D5F162 /* GeneralDataModel.swift in Sources */,
				8376801A264FE102005C7056 /* CategoriesTableViewCell.swift in Sources */,
				8376803626526A36005C7056 /* TabBarController.swift in Sources */,
				8376802226516329005C7056 /* SubCategoriesTableViewCell.swift in Sources */,
				834BBA00265A435900D5F162 /* ADDataModel.swift in Sources */,
				834BBA0A265A43B700D5F162 /* UserDataModel.swift in Sources */,
				834BBA0E265A48A200D5F162 /* AdRequestManager.swift in Sources */,
				834BBA06265A439600D5F162 /* IdentityDataModel.swift in Sources */,
				837680262651AE9E005C7056 /* ProductsTableVC.swift in Sources */,
			);
			runOnlyForDeploymentPostprocessing = 0;
		};
/* End PBXSourcesBuildPhase section */

/* Begin PBXVariantGroup section */
		830B208526494B5F00803EF2 /* Main.storyboard */ = {
			isa = PBXVariantGroup;
			children = (
				830B208626494B5F00803EF2 /* Base */,
			);
			name = Main.storyboard;
			sourceTree = "<group>";
		};
		830B208A26494B6100803EF2 /* LaunchScreen.storyboard */ = {
			isa = PBXVariantGroup;
			children = (
				830B208B26494B6100803EF2 /* Base */,
			);
			name = LaunchScreen.storyboard;
			sourceTree = "<group>";
		};
/* End PBXVariantGroup section */

/* Begin XCBuildConfiguration section */
		830B208E26494B6100803EF2 /* Debug */ = {
			isa = XCBuildConfiguration;
			buildSettings = {
				ALWAYS_SEARCH_USER_PATHS = NO;
				CLANG_ANALYZER_NONNULL = YES;
				CLANG_ANALYZER_NUMBER_OBJECT_CONVERSION = YES_AGGRESSIVE;
				CLANG_CXX_LANGUAGE_STANDARD = "gnu++14";
				CLANG_CXX_LIBRARY = "libc++";
				CLANG_ENABLE_MODULES = YES;
				CLANG_ENABLE_OBJC_ARC = YES;
				CLANG_ENABLE_OBJC_WEAK = YES;
				CLANG_WARN_BLOCK_CAPTURE_AUTORELEASING = YES;
				CLANG_WARN_BOOL_CONVERSION = YES;
				CLANG_WARN_COMMA = YES;
				CLANG_WARN_CONSTANT_CONVERSION = YES;
				CLANG_WARN_DEPRECATED_OBJC_IMPLEMENTATIONS = YES;
				CLANG_WARN_DIRECT_OBJC_ISA_USAGE = YES_ERROR;
				CLANG_WARN_DOCUMENTATION_COMMENTS = YES;
				CLANG_WARN_EMPTY_BODY = YES;
				CLANG_WARN_ENUM_CONVERSION = YES;
				CLANG_WARN_INFINITE_RECURSION = YES;
				CLANG_WARN_INT_CONVERSION = YES;
				CLANG_WARN_NON_LITERAL_NULL_CONVERSION = YES;
				CLANG_WARN_OBJC_IMPLICIT_RETAIN_SELF = YES;
				CLANG_WARN_OBJC_LITERAL_CONVERSION = YES;
				CLANG_WARN_OBJC_ROOT_CLASS = YES_ERROR;
				CLANG_WARN_QUOTED_INCLUDE_IN_FRAMEWORK_HEADER = YES;
				CLANG_WARN_RANGE_LOOP_ANALYSIS = YES;
				CLANG_WARN_STRICT_PROTOTYPES = YES;
				CLANG_WARN_SUSPICIOUS_MOVE = YES;
				CLANG_WARN_UNGUARDED_AVAILABILITY = YES_AGGRESSIVE;
				CLANG_WARN_UNREACHABLE_CODE = YES;
				CLANG_WARN__DUPLICATE_METHOD_MATCH = YES;
				COPY_PHASE_STRIP = NO;
				DEBUG_INFORMATION_FORMAT = dwarf;
				ENABLE_STRICT_OBJC_MSGSEND = YES;
				ENABLE_TESTABILITY = YES;
				GCC_C_LANGUAGE_STANDARD = gnu11;
				GCC_DYNAMIC_NO_PIC = NO;
				GCC_NO_COMMON_BLOCKS = YES;
				GCC_OPTIMIZATION_LEVEL = 0;
				GCC_PREPROCESSOR_DEFINITIONS = (
					"DEBUG=1",
					"$(inherited)",
				);
				GCC_WARN_64_TO_32_BIT_CONVERSION = YES;
				GCC_WARN_ABOUT_RETURN_TYPE = YES_ERROR;
				GCC_WARN_UNDECLARED_SELECTOR = YES;
				GCC_WARN_UNINITIALIZED_AUTOS = YES_AGGRESSIVE;
				GCC_WARN_UNUSED_FUNCTION = YES;
				GCC_WARN_UNUSED_VARIABLE = YES;
				IPHONEOS_DEPLOYMENT_TARGET = 14.5;
				MTL_ENABLE_DEBUG_INFO = INCLUDE_SOURCE;
				MTL_FAST_MATH = YES;
				ONLY_ACTIVE_ARCH = YES;
				SDKROOT = iphoneos;
				SWIFT_ACTIVE_COMPILATION_CONDITIONS = DEBUG;
				SWIFT_OPTIMIZATION_LEVEL = "-Onone";
			};
			name = Debug;
		};
		830B208F26494B6100803EF2 /* Release */ = {
			isa = XCBuildConfiguration;
			buildSettings = {
				ALWAYS_SEARCH_USER_PATHS = NO;
				CLANG_ANALYZER_NONNULL = YES;
				CLANG_ANALYZER_NUMBER_OBJECT_CONVERSION = YES_AGGRESSIVE;
				CLANG_CXX_LANGUAGE_STANDARD = "gnu++14";
				CLANG_CXX_LIBRARY = "libc++";
				CLANG_ENABLE_MODULES = YES;
				CLANG_ENABLE_OBJC_ARC = YES;
				CLANG_ENABLE_OBJC_WEAK = YES;
				CLANG_WARN_BLOCK_CAPTURE_AUTORELEASING = YES;
				CLANG_WARN_BOOL_CONVERSION = YES;
				CLANG_WARN_COMMA = YES;
				CLANG_WARN_CONSTANT_CONVERSION = YES;
				CLANG_WARN_DEPRECATED_OBJC_IMPLEMENTATIONS = YES;
				CLANG_WARN_DIRECT_OBJC_ISA_USAGE = YES_ERROR;
				CLANG_WARN_DOCUMENTATION_COMMENTS = YES;
				CLANG_WARN_EMPTY_BODY = YES;
				CLANG_WARN_ENUM_CONVERSION = YES;
				CLANG_WARN_INFINITE_RECURSION = YES;
				CLANG_WARN_INT_CONVERSION = YES;
				CLANG_WARN_NON_LITERAL_NULL_CONVERSION = YES;
				CLANG_WARN_OBJC_IMPLICIT_RETAIN_SELF = YES;
				CLANG_WARN_OBJC_LITERAL_CONVERSION = YES;
				CLANG_WARN_OBJC_ROOT_CLASS = YES_ERROR;
				CLANG_WARN_QUOTED_INCLUDE_IN_FRAMEWORK_HEADER = YES;
				CLANG_WARN_RANGE_LOOP_ANALYSIS = YES;
				CLANG_WARN_STRICT_PROTOTYPES = YES;
				CLANG_WARN_SUSPICIOUS_MOVE = YES;
				CLANG_WARN_UNGUARDED_AVAILABILITY = YES_AGGRESSIVE;
				CLANG_WARN_UNREACHABLE_CODE = YES;
				CLANG_WARN__DUPLICATE_METHOD_MATCH = YES;
				COPY_PHASE_STRIP = NO;
				DEBUG_INFORMATION_FORMAT = "dwarf-with-dsym";
				ENABLE_NS_ASSERTIONS = NO;
				ENABLE_STRICT_OBJC_MSGSEND = YES;
				GCC_C_LANGUAGE_STANDARD = gnu11;
				GCC_NO_COMMON_BLOCKS = YES;
				GCC_WARN_64_TO_32_BIT_CONVERSION = YES;
				GCC_WARN_ABOUT_RETURN_TYPE = YES_ERROR;
				GCC_WARN_UNDECLARED_SELECTOR = YES;
				GCC_WARN_UNINITIALIZED_AUTOS = YES_AGGRESSIVE;
				GCC_WARN_UNUSED_FUNCTION = YES;
				GCC_WARN_UNUSED_VARIABLE = YES;
				IPHONEOS_DEPLOYMENT_TARGET = 14.5;
				MTL_ENABLE_DEBUG_INFO = NO;
				MTL_FAST_MATH = YES;
				SDKROOT = iphoneos;
				SWIFT_COMPILATION_MODE = wholemodule;
				SWIFT_OPTIMIZATION_LEVEL = "-O";
				VALIDATE_PRODUCT = YES;
			};
			name = Release;
		};
		830B209126494B6100803EF2 /* Debug */ = {
			isa = XCBuildConfiguration;
			buildSettings = {
				ASSETCATALOG_COMPILER_APPICON_NAME = AppIcon;
				ASSETCATALOG_COMPILER_GLOBAL_ACCENT_COLOR_NAME = AccentColor;
				CODE_SIGN_STYLE = Automatic;
				DEVELOPMENT_TEAM = JLP464828W;
				INFOPLIST_FILE = Shopping_Mall/Info.plist;
				LD_RUNPATH_SEARCH_PATHS = (
					"$(inherited)",
					"@executable_path/Frameworks",
				);
				PRODUCT_BUNDLE_IDENTIFIER = "com.bignrg.Shopping-Mall";
				PRODUCT_NAME = "$(TARGET_NAME)";
				SWIFT_VERSION = 5.0;
				TARGETED_DEVICE_FAMILY = "1,2";
			};
			name = Debug;
		};
		830B209226494B6100803EF2 /* Release */ = {
			isa = XCBuildConfiguration;
			buildSettings = {
				ASSETCATALOG_COMPILER_APPICON_NAME = AppIcon;
				ASSETCATALOG_COMPILER_GLOBAL_ACCENT_COLOR_NAME = AccentColor;
				CODE_SIGN_STYLE = Automatic;
				DEVELOPMENT_TEAM = JLP464828W;
				INFOPLIST_FILE = Shopping_Mall/Info.plist;
				LD_RUNPATH_SEARCH_PATHS = (
					"$(inherited)",
					"@executable_path/Frameworks",
				);
				PRODUCT_BUNDLE_IDENTIFIER = "com.bignrg.Shopping-Mall";
				PRODUCT_NAME = "$(TARGET_NAME)";
				SWIFT_VERSION = 5.0;
				TARGETED_DEVICE_FAMILY = "1,2";
			};
			name = Release;
		};
/* End XCBuildConfiguration section */

/* Begin XCConfigurationList section */
		830B207726494B5F00803EF2 /* Build configuration list for PBXProject "Shopping_Mall" */ = {
			isa = XCConfigurationList;
			buildConfigurations = (
				830B208E26494B6100803EF2 /* Debug */,
				830B208F26494B6100803EF2 /* Release */,
			);
			defaultConfigurationIsVisible = 0;
			defaultConfigurationName = Release;
		};
		830B209026494B6100803EF2 /* Build configuration list for PBXNativeTarget "Shopping_Mall" */ = {
			isa = XCConfigurationList;
			buildConfigurations = (
				830B209126494B6100803EF2 /* Debug */,
				830B209226494B6100803EF2 /* Release */,
			);
			defaultConfigurationIsVisible = 0;
			defaultConfigurationName = Release;
		};
/* End XCConfigurationList section */
	};
	rootObject = 830B207426494B5F00803EF2 /* Project object */;
}
