// !$*UTF8*$!
{
	archiveVersion = 1;
	classes = {
	};
	objectVersion = 50;
	objects = {

/* Begin PBXBuildFile section */
		830B208026494B5F00803EF2 /* AppDelegate.swift in Sources */ = {isa = PBXBuildFile; fileRef = 830B207F26494B5F00803EF2 /* AppDelegate.swift */; };
		830B208226494B5F00803EF2 /* SceneDelegate.swift in Sources */ = {isa = PBXBuildFile; fileRef = 830B208126494B5F00803EF2 /* SceneDelegate.swift */; };
		830B208426494B5F00803EF2 /* ViewController.swift in Sources */ = {isa = PBXBuildFile; fileRef = 830B208326494B5F00803EF2 /* ViewController.swift */; };
		830B208726494B5F00803EF2 /* Main.storyboard in Resources */ = {isa = PBXBuildFile; fileRef = 830B208526494B5F00803EF2 /* Main.storyboard */; };
		830B208926494B6100803EF2 /* Assets.xcassets in Resources */ = {isa = PBXBuildFile; fileRef = 830B208826494B6100803EF2 /* Assets.xcassets */; };
		830B208C26494B6100803EF2 /* LaunchScreen.storyboard in Resources */ = {isa = PBXBuildFile; fileRef = 830B208A26494B6100803EF2 /* LaunchScreen.storyboard */; };
		830B209626494E9F00803EF2 /* JsonDataModels.swift in Sources */ = {isa = PBXBuildFile; fileRef = 830B209526494E9F00803EF2 /* JsonDataModels.swift */; };
		830B209826494ED200803EF2 /* RequestManager.swift in Sources */ = {isa = PBXBuildFile; fileRef = 830B209726494ED200803EF2 /* RequestManager.swift */; };
		830B209B26494F0C00803EF2 /* NetworkManager.swift in Sources */ = {isa = PBXBuildFile; fileRef = 830B209A26494F0C00803EF2 /* NetworkManager.swift */; };
/* End PBXBuildFile section */

/* Begin PBXFileReference section */
		830B207C26494B5F00803EF2 /* Shopping_Mall.app */ = {isa = PBXFileReference; explicitFileType = wrapper.application; includeInIndex = 0; path = Shopping_Mall.app; sourceTree = BUILT_PRODUCTS_DIR; };
		830B207F26494B5F00803EF2 /* AppDelegate.swift */ = {isa = PBXFileReference; lastKnownFileType = sourcecode.swift; path = AppDelegate.swift; sourceTree = "<group>"; };
		830B208126494B5F00803EF2 /* SceneDelegate.swift */ = {isa = PBXFileReference; lastKnownFileType = sourcecode.swift; path = SceneDelegate.swift; sourceTree = "<group>"; };
		830B208326494B5F00803EF2 /* ViewController.swift */ = {isa = PBXFileReference; lastKnownFileType = sourcecode.swift; path = ViewController.swift; sourceTree = "<group>"; };
		830B208626494B5F00803EF2 /* Base */ = {isa = PBXFileReference; lastKnownFileType = file.storyboard; name = Base; path = Base.lproj/Main.storyboard; sourceTree = "<group>"; };
		830B208826494B6100803EF2 /* Assets.xcassets */ = {isa = PBXFileReference; lastKnownFileType = folder.assetcatalog; path = Assets.xcassets; sourceTree = "<group>"; };
		830B208B26494B6100803EF2 /* Base */ = {isa = PBXFileReference; lastKnownFileType = file.storyboard; name = Base; path = Base.lproj/LaunchScreen.storyboard; sourceTree = "<group>"; };
		830B208D26494B6100803EF2 /* Info.plist */ = {isa = PBXFileReference; lastKnownFileType = text.plist.xml; path = Info.plist; sourceTree = "<group>"; };
		830B209526494E9F00803EF2 /* JsonDataModels.swift */ = {isa = PBXFileReference; lastKnownFileType = sourcecode.swift; path = JsonDataModels.swift; sourceTree = "<group>"; };
		830B209726494ED200803EF2 /* RequestManager.swift */ = {isa = PBXFileReference; lastKnownFileType = sourcecode.swift; path = RequestManager.swift; sourceTree = "<group>"; };
		830B209A26494F0C00803EF2 /* NetworkManager.swift */ = {isa = PBXFileReference; lastKnownFileType = sourcecode.swift; path = NetworkManager.swift; sourceTree = "<group>"; };
/* End PBXFileReference section */

/* Begin PBXFrameworksBuildPhase section */
		830B207926494B5F00803EF2 /* Frameworks */ = {
			isa = PBXFrameworksBuildPhase;
			buildActionMask = 2147483647;
			files = (
			);
			runOnlyForDeploymentPostprocessing = 0;
		};
/* End PBXFrameworksBuildPhase section */

/* Begin PBXGroup section */
		830B207326494B5F00803EF2 = {
			isa = PBXGroup;
			children = (
				830B207E26494B5F00803EF2 /* Shopping_Mall */,
				830B207D26494B5F00803EF2 /* Products */,
			);
			sourceTree = "<group>";
		};
		830B207D26494B5F00803EF2 /* Products */ = {
			isa = PBXGroup;
			children = (
				830B207C26494B5F00803EF2 /* Shopping_Mall.app */,
			);
			name = Products;
			sourceTree = "<group>";
		};
		830B207E26494B5F00803EF2 /* Shopping_Mall */ = {
			isa = PBXGroup;
			children = (
				830B209426494E8700803EF2 /* Managers */,
				830B209326494E7800803EF2 /* Models */,
				830B207F26494B5F00803EF2 /* AppDelegate.swift */,
				830B208126494B5F00803EF2 /* SceneDelegate.swift */,
				830B208326494B5F00803EF2 /* ViewController.swift */,
				830B208526494B5F00803EF2 /* Main.storyboard */,
				830B208826494B6100803EF2 /* Assets.xcassets */,
				830B208A26494B6100803EF2 /* LaunchScreen.storyboard */,
				830B208D26494B6100803EF2 /* Info.plist */,
			);
			path = Shopping_Mall;
			sourceTree = "<group>";
		};
		830B209326494E7800803EF2 /* Models */ = {
			isa = PBXGroup;
			children = (
				830B209526494E9F00803EF2 /* JsonDataModels.swift */,
			);
			path = Models;
			sourceTree = "<group>";
		};
		830B209426494E8700803EF2 /* Managers */ = {
			isa = PBXGroup;
			children = (
				830B209726494ED200803EF2 /* RequestManager.swift */,
				830B209A26494F0C00803EF2 /* NetworkManager.swift */,
			);
			path = Managers;
			sourceTree = "<group>";
		};
/* End PBXGroup section */

/* Begin PBXNativeTarget section */
		830B207B26494B5F00803EF2 /* Shopping_Mall */ = {
			isa = PBXNativeTarget;
			buildConfigurationList = 830B209026494B6100803EF2 /* Build configuration list for PBXNativeTarget "Shopping_Mall" */;
			buildPhases = (
				830B207826494B5F00803EF2 /* Sources */,
				830B207926494B5F00803EF2 /* Frameworks */,
				830B207A26494B5F00803EF2 /* Resources */,
			);
			buildRules = (
			);
			dependencies = (
			);
			name = Shopping_Mall;
			productName = Shopping_Mall;
			productReference = 830B207C26494B5F00803EF2 /* Shopping_Mall.app */;
			productType = "com.apple.product-type.application";
		};
/* End PBXNativeTarget section */

/* Begin PBXProject section */
		830B207426494B5F00803EF2 /* Project object */ = {
			isa = PBXProject;
			attributes = {
				LastSwiftUpdateCheck = 1250;
				LastUpgradeCheck = 1250;
				TargetAttributes = {
					830B207B26494B5F00803EF2 = {
						CreatedOnToolsVersion = 12.5;
					};
				};
			};
			buildConfigurationList = 830B207726494B5F00803EF2 /* Build configuration list for PBXProject "Shopping_Mall" */;
			compatibilityVersion = "Xcode 9.3";
			developmentRegion = en;
			hasScannedForEncodings = 0;
			knownRegions = (
				en,
				Base,
			);
			mainGroup = 830B207326494B5F00803EF2;
			productRefGroup = 830B207D26494B5F00803EF2 /* Products */;
			projectDirPath = "";
			projectRoot = "";
			targets = (
				830B207B26494B5F00803EF2 /* Shopping_Mall */,
			);
		};
/* End PBXProject section */

/* Begin PBXResourcesBuildPhase section */
		830B207A26494B5F00803EF2 /* Resources */ = {
			isa = PBXResourcesBuildPhase;
			buildActionMask = 2147483647;
			files = (
				830B208C26494B6100803EF2 /* LaunchScreen.storyboard in Resources */,
				830B208926494B6100803EF2 /* Assets.xcassets in Resources */,
				830B208726494B5F00803EF2 /* Main.storyboard in Resources */,
			);
			runOnlyForDeploymentPostprocessing = 0;
		};
/* End PBXResourcesBuildPhase section */

/* Begin PBXSourcesBuildPhase section */
		830B207826494B5F00803EF2 /* Sources */ = {
			isa = PBXSourcesBuildPhase;
			buildActionMask = 2147483647;
			files = (
				830B209B26494F0C00803EF2 /* NetworkManager.swift in Sources */,
				830B209826494ED200803EF2 /* RequestManager.swift in Sources */,
				830B208426494B5F00803EF2 /* ViewController.swift in Sources */,
				830B208026494B5F00803EF2 /* AppDelegate.swift in Sources */,
				830B208226494B5F00803EF2 /* SceneDelegate.swift in Sources */,
				830B209626494E9F00803EF2 /* JsonDataModels.swift in Sources */,
			);
			runOnlyForDeploymentPostprocessing = 0;
		};
/* End PBXSourcesBuildPhase section */

/* Begin PBXVariantGroup section */
		830B208526494B5F00803EF2 /* Main.storyboard */ = {
			isa = PBXVariantGroup;
			children = (
				830B208626494B5F00803EF2 /* Base */,
			);
			name = Main.storyboard;
			sourceTree = "<group>";
		};
		830B208A26494B6100803EF2 /* LaunchScreen.storyboard */ = {
			isa = PBXVariantGroup;
			children = (
				830B208B26494B6100803EF2 /* Base */,
			);
			name = LaunchScreen.storyboard;
			sourceTree = "<group>";
		};
/* End PBXVariantGroup section */

/* Begin XCBuildConfiguration section */
		830B208E26494B6100803EF2 /* Debug */ = {
			isa = XCBuildConfiguration;
			buildSettings = {
				ALWAYS_SEARCH_USER_PATHS = NO;
				CLANG_ANALYZER_NONNULL = YES;
				CLANG_ANALYZER_NUMBER_OBJECT_CONVERSION = YES_AGGRESSIVE;
				CLANG_CXX_LANGUAGE_STANDARD = "gnu++14";
				CLANG_CXX_LIBRARY = "libc++";
				CLANG_ENABLE_MODULES = YES;
				CLANG_ENABLE_OBJC_ARC = YES;
				CLANG_ENABLE_OBJC_WEAK = YES;
				CLANG_WARN_BLOCK_CAPTURE_AUTORELEASING = YES;
				CLANG_WARN_BOOL_CONVERSION = YES;
				CLANG_WARN_COMMA = YES;
				CLANG_WARN_CONSTANT_CONVERSION = YES;
				CLANG_WARN_DEPRECATED_OBJC_IMPLEMENTATIONS = YES;
				CLANG_WARN_DIRECT_OBJC_ISA_USAGE = YES_ERROR;
				CLANG_WARN_DOCUMENTATION_COMMENTS = YES;
				CLANG_WARN_EMPTY_BODY = YES;
				CLANG_WARN_ENUM_CONVERSION = YES;
				CLANG_WARN_INFINITE_RECURSION = YES;
				CLANG_WARN_INT_CONVERSION = YES;
				CLANG_WARN_NON_LITERAL_NULL_CONVERSION = YES;
				CLANG_WARN_OBJC_IMPLICIT_RETAIN_SELF = YES;
				CLANG_WARN_OBJC_LITERAL_CONVERSION = YES;
				CLANG_WARN_OBJC_ROOT_CLASS = YES_ERROR;
				CLANG_WARN_QUOTED_INCLUDE_IN_FRAMEWORK_HEADER = YES;
				CLANG_WARN_RANGE_LOOP_ANALYSIS = YES;
				CLANG_WARN_STRICT_PROTOTYPES = YES;
				CLANG_WARN_SUSPICIOUS_MOVE = YES;
				CLANG_WARN_UNGUARDED_AVAILABILITY = YES_AGGRESSIVE;
				CLANG_WARN_UNREACHABLE_CODE = YES;
				CLANG_WARN__DUPLICATE_METHOD_MATCH = YES;
				COPY_PHASE_STRIP = NO;
				DEBUG_INFORMATION_FORMAT = dwarf;
				ENABLE_STRICT_OBJC_MSGSEND = YES;
				ENABLE_TESTABILITY = YES;
				GCC_C_LANGUAGE_STANDARD = gnu11;
				GCC_DYNAMIC_NO_PIC = NO;
				GCC_NO_COMMON_BLOCKS = YES;
				GCC_OPTIMIZATION_LEVEL = 0;
				GCC_PREPROCESSOR_DEFINITIONS = (
					"DEBUG=1",
					"$(inherited)",
				);
				GCC_WARN_64_TO_32_BIT_CONVERSION = YES;
				GCC_WARN_ABOUT_RETURN_TYPE = YES_ERROR;
				GCC_WARN_UNDECLARED_SELECTOR = YES;
				GCC_WARN_UNINITIALIZED_AUTOS = YES_AGGRESSIVE;
				GCC_WARN_UNUSED_FUNCTION = YES;
				GCC_WARN_UNUSED_VARIABLE = YES;
				IPHONEOS_DEPLOYMENT_TARGET = 14.5;
				MTL_ENABLE_DEBUG_INFO = INCLUDE_SOURCE;
				MTL_FAST_MATH = YES;
				ONLY_ACTIVE_ARCH = YES;
				SDKROOT = iphoneos;
				SWIFT_ACTIVE_COMPILATION_CONDITIONS = DEBUG;
				SWIFT_OPTIMIZATION_LEVEL = "-Onone";
			};
			name = Debug;
		};
		830B208F26494B6100803EF2 /* Release */ = {
			isa = XCBuildConfiguration;
			buildSettings = {
				ALWAYS_SEARCH_USER_PATHS = NO;
				CLANG_ANALYZER_NONNULL = YES;
				CLANG_ANALYZER_NUMBER_OBJECT_CONVERSION = YES_AGGRESSIVE;
				CLANG_CXX_LANGUAGE_STANDARD = "gnu++14";
				CLANG_CXX_LIBRARY = "libc++";
				CLANG_ENABLE_MODULES = YES;
				CLANG_ENABLE_OBJC_ARC = YES;
				CLANG_ENABLE_OBJC_WEAK = YES;
				CLANG_WARN_BLOCK_CAPTURE_AUTORELEASING = YES;
				CLANG_WARN_BOOL_CONVERSION = YES;
				CLANG_WARN_COMMA = YES;
				CLANG_WARN_CONSTANT_CONVERSION = YES;
				CLANG_WARN_DEPRECATED_OBJC_IMPLEMENTATIONS = YES;
				CLANG_WARN_DIRECT_OBJC_ISA_USAGE = YES_ERROR;
				CLANG_WARN_DOCUMENTATION_COMMENTS = YES;
				CLANG_WARN_EMPTY_BODY = YES;
				CLANG_WARN_ENUM_CONVERSION = YES;
				CLANG_WARN_INFINITE_RECURSION = YES;
				CLANG_WARN_INT_CONVERSION = YES;
				CLANG_WARN_NON_LITERAL_NULL_CONVERSION = YES;
				CLANG_WARN_OBJC_IMPLICIT_RETAIN_SELF = YES;
				CLANG_WARN_OBJC_LITERAL_CONVERSION = YES;
				CLANG_WARN_OBJC_ROOT_CLASS = YES_ERROR;
				CLANG_WARN_QUOTED_INCLUDE_IN_FRAMEWORK_HEADER = YES;
				CLANG_WARN_RANGE_LOOP_ANALYSIS = YES;
				CLANG_WARN_STRICT_PROTOTYPES = YES;
				CLANG_WARN_SUSPICIOUS_MOVE = YES;
				CLANG_WARN_UNGUARDED_AVAILABILITY = YES_AGGRESSIVE;
				CLANG_WARN_UNREACHABLE_CODE = YES;
				CLANG_WARN__DUPLICATE_METHOD_MATCH = YES;
				COPY_PHASE_STRIP = NO;
				DEBUG_INFORMATION_FORMAT = "dwarf-with-dsym";
				ENABLE_NS_ASSERTIONS = NO;
				ENABLE_STRICT_OBJC_MSGSEND = YES;
				GCC_C_LANGUAGE_STANDARD = gnu11;
				GCC_NO_COMMON_BLOCKS = YES;
				GCC_WARN_64_TO_32_BIT_CONVERSION = YES;
				GCC_WARN_ABOUT_RETURN_TYPE = YES_ERROR;
				GCC_WARN_UNDECLARED_SELECTOR = YES;
				GCC_WARN_UNINITIALIZED_AUTOS = YES_AGGRESSIVE;
				GCC_WARN_UNUSED_FUNCTION = YES;
				GCC_WARN_UNUSED_VARIABLE = YES;
				IPHONEOS_DEPLOYMENT_TARGET = 14.5;
				MTL_ENABLE_DEBUG_INFO = NO;
				MTL_FAST_MATH = YES;
				SDKROOT = iphoneos;
				SWIFT_COMPILATION_MODE = wholemodule;
				SWIFT_OPTIMIZATION_LEVEL = "-O";
				VALIDATE_PRODUCT = YES;
			};
			name = Release;
		};
		830B209126494B6100803EF2 /* Debug */ = {
			isa = XCBuildConfiguration;
			buildSettings = {
				ASSETCATALOG_COMPILER_APPICON_NAME = AppIcon;
				ASSETCATALOG_COMPILER_GLOBAL_ACCENT_COLOR_NAME = AccentColor;
				CODE_SIGN_STYLE = Automatic;
				DEVELOPMENT_TEAM = JLP464828W;
				INFOPLIST_FILE = Shopping_Mall/Info.plist;
				LD_RUNPATH_SEARCH_PATHS = (
					"$(inherited)",
					"@executable_path/Frameworks",
				);
				PRODUCT_BUNDLE_IDENTIFIER = "com.bignrg.Shopping-Mall";
				PRODUCT_NAME = "$(TARGET_NAME)";
				SWIFT_VERSION = 5.0;
				TARGETED_DEVICE_FAMILY = "1,2";
			};
			name = Debug;
		};
		830B209226494B6100803EF2 /* Release */ = {
			isa = XCBuildConfiguration;
			buildSettings = {
				ASSETCATALOG_COMPILER_APPICON_NAME = AppIcon;
				ASSETCATALOG_COMPILER_GLOBAL_ACCENT_COLOR_NAME = AccentColor;
				CODE_SIGN_STYLE = Automatic;
				DEVELOPMENT_TEAM = JLP464828W;
				INFOPLIST_FILE = Shopping_Mall/Info.plist;
				LD_RUNPATH_SEARCH_PATHS = (
					"$(inherited)",
					"@executable_path/Frameworks",
				);
				PRODUCT_BUNDLE_IDENTIFIER = "com.bignrg.Shopping-Mall";
				PRODUCT_NAME = "$(TARGET_NAME)";
				SWIFT_VERSION = 5.0;
				TARGETED_DEVICE_FAMILY = "1,2";
			};
			name = Release;
		};
/* End XCBuildConfiguration section */

/* Begin XCConfigurationList section */
		830B207726494B5F00803EF2 /* Build configuration list for PBXProject "Shopping_Mall" */ = {
			isa = XCConfigurationList;
			buildConfigurations = (
				830B208E26494B6100803EF2 /* Debug */,
				830B208F26494B6100803EF2 /* Release */,
			);
			defaultConfigurationIsVisible = 0;
			defaultConfigurationName = Release;
		};
		830B209026494B6100803EF2 /* Build configuration list for PBXNativeTarget "Shopping_Mall" */ = {
			isa = XCConfigurationList;
			buildConfigurations = (
				830B209126494B6100803EF2 /* Debug */,
				830B209226494B6100803EF2 /* Release */,
			);
			defaultConfigurationIsVisible = 0;
			defaultConfigurationName = Release;
		};
/* End XCConfigurationList section */
	};
	rootObject = 830B207426494B5F00803EF2 /* Project object */;
}
